// !$*UTF8*$!
{
	archiveVersion = 1;
	classes = {
	};
	objectVersion = 56;
	objects = {

/* Begin PBXBuildFile section */
		BD703F6E2C6E173000D3DA57 /* foodNorthApp.swift in Sources */ = {isa = PBXBuildFile; fileRef = BD703F6D2C6E173000D3DA57 /* foodNorthApp.swift */; };
		BD703F702C6E173000D3DA57 /* ContentView.swift in Sources */ = {isa = PBXBuildFile; fileRef = BD703F6F2C6E173000D3DA57 /* ContentView.swift */; };
		BD703F722C6E173100D3DA57 /* Assets.xcassets in Resources */ = {isa = PBXBuildFile; fileRef = BD703F712C6E173100D3DA57 /* Assets.xcassets */; };
		BD703F752C6E173100D3DA57 /* Preview Assets.xcassets in Resources */ = {isa = PBXBuildFile; fileRef = BD703F742C6E173100D3DA57 /* Preview Assets.xcassets */; };
		BD703F7F2C6E173200D3DA57 /* foodNorthTests.swift in Sources */ = {isa = PBXBuildFile; fileRef = BD703F7E2C6E173200D3DA57 /* foodNorthTests.swift */; };
		BD703F892C6E173200D3DA57 /* foodNorthUITests.swift in Sources */ = {isa = PBXBuildFile; fileRef = BD703F882C6E173200D3DA57 /* foodNorthUITests.swift */; };
		BD703F8B2C6E173200D3DA57 /* foodNorthUITestsLaunchTests.swift in Sources */ = {isa = PBXBuildFile; fileRef = BD703F8A2C6E173200D3DA57 /* foodNorthUITestsLaunchTests.swift */; };
/* End PBXBuildFile section */

/* Begin PBXContainerItemProxy section */
		BD703F7B2C6E173200D3DA57 /* PBXContainerItemProxy */ = {
			isa = PBXContainerItemProxy;
			containerPortal = BD703F622C6E173000D3DA57 /* Project object */;
			proxyType = 1;
			remoteGlobalIDString = BD703F692C6E173000D3DA57;
			remoteInfo = foodNorth;
		};
		BD703F852C6E173200D3DA57 /* PBXContainerItemProxy */ = {
			isa = PBXContainerItemProxy;
			containerPortal = BD703F622C6E173000D3DA57 /* Project object */;
			proxyType = 1;
			remoteGlobalIDString = BD703F692C6E173000D3DA57;
			remoteInfo = foodNorth;
		};
/* End PBXContainerItemProxy section */

/* Begin PBXFileReference section */
		BD703F6A2C6E173000D3DA57 /* foodNorth.app */ = {isa = PBXFileReference; explicitFileType = wrapper.application; includeInIndex = 0; path = foodNorth.app; sourceTree = BUILT_PRODUCTS_DIR; };
		BD703F6D2C6E173000D3DA57 /* foodNorthApp.swift */ = {isa = PBXFileReference; lastKnownFileType = sourcecode.swift; path = foodNorthApp.swift; sourceTree = "<group>"; };
		BD703F6F2C6E173000D3DA57 /* ContentView.swift */ = {isa = PBXFileReference; lastKnownFileType = sourcecode.swift; path = ContentView.swift; sourceTree = "<group>"; };
		BD703F712C6E173100D3DA57 /* Assets.xcassets */ = {isa = PBXFileReference; lastKnownFileType = folder.assetcatalog; path = Assets.xcassets; sourceTree = "<group>"; };
		BD703F742C6E173100D3DA57 /* Preview Assets.xcassets */ = {isa = PBXFileReference; lastKnownFileType = folder.assetcatalog; path = "Preview Assets.xcassets"; sourceTree = "<group>"; };
		BD703F7A2C6E173200D3DA57 /* foodNorthTests.xctest */ = {isa = PBXFileReference; explicitFileType = wrapper.cfbundle; includeInIndex = 0; path = foodNorthTests.xctest; sourceTree = BUILT_PRODUCTS_DIR; };
		BD703F7E2C6E173200D3DA57 /* foodNorthTests.swift */ = {isa = PBXFileReference; lastKnownFileType = sourcecode.swift; path = foodNorthTests.swift; sourceTree = "<group>"; };
		BD703F842C6E173200D3DA57 /* foodNorthUITests.xctest */ = {isa = PBXFileReference; explicitFileType = wrapper.cfbundle; includeInIndex = 0; path = foodNorthUITests.xctest; sourceTree = BUILT_PRODUCTS_DIR; };
		BD703F882C6E173200D3DA57 /* foodNorthUITests.swift */ = {isa = PBXFileReference; lastKnownFileType = sourcecode.swift; path = foodNorthUITests.swift; sourceTree = "<group>"; };
		BD703F8A2C6E173200D3DA57 /* foodNorthUITestsLaunchTests.swift */ = {isa = PBXFileReference; lastKnownFileType = sourcecode.swift; path = foodNorthUITestsLaunchTests.swift; sourceTree = "<group>"; };
/* End PBXFileReference section */

/* Begin PBXFrameworksBuildPhase section */
		BD703F672C6E173000D3DA57 /* Frameworks */ = {
			isa = PBXFrameworksBuildPhase;
			buildActionMask = 2147483647;
			files = (
			);
			runOnlyForDeploymentPostprocessing = 0;
		};
		BD703F772C6E173200D3DA57 /* Frameworks */ = {
			isa = PBXFrameworksBuildPhase;
			buildActionMask = 2147483647;
			files = (
			);
			runOnlyForDeploymentPostprocessing = 0;
		};
		BD703F812C6E173200D3DA57 /* Frameworks */ = {
			isa = PBXFrameworksBuildPhase;
			buildActionMask = 2147483647;
			files = (
			);
			runOnlyForDeploymentPostprocessing = 0;
		};
/* End PBXFrameworksBuildPhase section */

/* Begin PBXGroup section */
		BD703F612C6E173000D3DA57 = {
			isa = PBXGroup;
			children = (
				BD703F6C2C6E173000D3DA57 /* foodNorth */,
				BD703F7D2C6E173200D3DA57 /* foodNorthTests */,
				BD703F872C6E173200D3DA57 /* foodNorthUITests */,
				BD703F6B2C6E173000D3DA57 /* Products */,
			);
			sourceTree = "<group>";
		};
		BD703F6B2C6E173000D3DA57 /* Products */ = {
			isa = PBXGroup;
			children = (
				BD703F6A2C6E173000D3DA57 /* foodNorth.app */,
				BD703F7A2C6E173200D3DA57 /* foodNorthTests.xctest */,
				BD703F842C6E173200D3DA57 /* foodNorthUITests.xctest */,
			);
			name = Products;
			sourceTree = "<group>";
		};
		BD703F6C2C6E173000D3DA57 /* foodNorth */ = {
			isa = PBXGroup;
			children = (
				BD703F6D2C6E173000D3DA57 /* foodNorthApp.swift */,
				BD703F6F2C6E173000D3DA57 /* ContentView.swift */,
				BD703F712C6E173100D3DA57 /* Assets.xcassets */,
				BD703F732C6E173100D3DA57 /* Preview Content */,
			);
			path = foodNorth;
			sourceTree = "<group>";
		};
		BD703F732C6E173100D3DA57 /* Preview Content */ = {
			isa = PBXGroup;
			children = (
				BD703F742C6E173100D3DA57 /* Preview Assets.xcassets */,
			);
			path = "Preview Content";
			sourceTree = "<group>";
		};
		BD703F7D2C6E173200D3DA57 /* foodNorthTests */ = {
			isa = PBXGroup;
			children = (
				BD703F7E2C6E173200D3DA57 /* foodNorthTests.swift */,
			);
			path = foodNorthTests;
			sourceTree = "<group>";
		};
		BD703F872C6E173200D3DA57 /* foodNorthUITests */ = {
			isa = PBXGroup;
			children = (
				BD703F882C6E173200D3DA57 /* foodNorthUITests.swift */,
				BD703F8A2C6E173200D3DA57 /* foodNorthUITestsLaunchTests.swift */,
			);
			path = foodNorthUITests;
			sourceTree = "<group>";
		};
/* End PBXGroup section */

/* Begin PBXNativeTarget section */
		BD703F692C6E173000D3DA57 /* foodNorth */ = {
			isa = PBXNativeTarget;
			buildConfigurationList = BD703F8E2C6E173200D3DA57 /* Build configuration list for PBXNativeTarget "foodNorth" */;
			buildPhases = (
				BD703F662C6E173000D3DA57 /* Sources */,
				BD703F672C6E173000D3DA57 /* Frameworks */,
				BD703F682C6E173000D3DA57 /* Resources */,
			);
			buildRules = (
			);
			dependencies = (
			);
			name = foodNorth;
			productName = foodNorth;
			productReference = BD703F6A2C6E173000D3DA57 /* foodNorth.app */;
			productType = "com.apple.product-type.application";
		};
		BD703F792C6E173200D3DA57 /* foodNorthTests */ = {
			isa = PBXNativeTarget;
			buildConfigurationList = BD703F912C6E173200D3DA57 /* Build configuration list for PBXNativeTarget "foodNorthTests" */;
			buildPhases = (
				BD703F762C6E173200D3DA57 /* Sources */,
				BD703F772C6E173200D3DA57 /* Frameworks */,
				BD703F782C6E173200D3DA57 /* Resources */,
			);
			buildRules = (
			);
			dependencies = (
				BD703F7C2C6E173200D3DA57 /* PBXTargetDependency */,
			);
			name = foodNorthTests;
			productName = foodNorthTests;
			productReference = BD703F7A2C6E173200D3DA57 /* foodNorthTests.xctest */;
			productType = "com.apple.product-type.bundle.unit-test";
		};
		BD703F832C6E173200D3DA57 /* foodNorthUITests */ = {
			isa = PBXNativeTarget;
			buildConfigurationList = BD703F942C6E173200D3DA57 /* Build configuration list for PBXNativeTarget "foodNorthUITests" */;
			buildPhases = (
				BD703F802C6E173200D3DA57 /* Sources */,
				BD703F812C6E173200D3DA57 /* Frameworks */,
				BD703F822C6E173200D3DA57 /* Resources */,
			);
			buildRules = (
			);
			dependencies = (
				BD703F862C6E173200D3DA57 /* PBXTargetDependency */,
			);
			name = foodNorthUITests;
			productName = foodNorthUITests;
			productReference = BD703F842C6E173200D3DA57 /* foodNorthUITests.xctest */;
			productType = "com.apple.product-type.bundle.ui-testing";
		};
/* End PBXNativeTarget section */

/* Begin PBXProject section */
		BD703F622C6E173000D3DA57 /* Project object */ = {
			isa = PBXProject;
			attributes = {
				BuildIndependentTargetsInParallel = 1;
				LastSwiftUpdateCheck = 1540;
				LastUpgradeCheck = 1540;
				TargetAttributes = {
					BD703F692C6E173000D3DA57 = {
						CreatedOnToolsVersion = 15.4;
					};
					BD703F792C6E173200D3DA57 = {
						CreatedOnToolsVersion = 15.4;
						TestTargetID = BD703F692C6E173000D3DA57;
					};
					BD703F832C6E173200D3DA57 = {
						CreatedOnToolsVersion = 15.4;
						TestTargetID = BD703F692C6E173000D3DA57;
					};
				};
			};
			buildConfigurationList = BD703F652C6E173000D3DA57 /* Build configuration list for PBXProject "foodNorth" */;
			compatibilityVersion = "Xcode 14.0";
			developmentRegion = en;
			hasScannedForEncodings = 0;
			knownRegions = (
				en,
				Base,
			);
			mainGroup = BD703F612C6E173000D3DA57;
			productRefGroup = BD703F6B2C6E173000D3DA57 /* Products */;
			projectDirPath = "";
			projectRoot = "";
			targets = (
				BD703F692C6E173000D3DA57 /* foodNorth */,
				BD703F792C6E173200D3DA57 /* foodNorthTests */,
				BD703F832C6E173200D3DA57 /* foodNorthUITests */,
			);
		};
/* End PBXProject section */

/* Begin PBXResourcesBuildPhase section */
		BD703F682C6E173000D3DA57 /* Resources */ = {
			isa = PBXResourcesBuildPhase;
			buildActionMask = 2147483647;
			files = (
				BD703F752C6E173100D3DA57 /* Preview Assets.xcassets in Resources */,
				BD703F722C6E173100D3DA57 /* Assets.xcassets in Resources */,
			);
			runOnlyForDeploymentPostprocessing = 0;
		};
		BD703F782C6E173200D3DA57 /* Resources */ = {
			isa = PBXResourcesBuildPhase;
			buildActionMask = 2147483647;
			files = (
			);
			runOnlyForDeploymentPostprocessing = 0;
		};
		BD703F822C6E173200D3DA57 /* Resources */ = {
			isa = PBXResourcesBuildPhase;
			buildActionMask = 2147483647;
			files = (
			);
			runOnlyForDeploymentPostprocessing = 0;
		};
/* End PBXResourcesBuildPhase section */

/* Begin PBXSourcesBuildPhase section */
		BD703F662C6E173000D3DA57 /* Sources */ = {
			isa = PBXSourcesBuildPhase;
			buildActionMask = 2147483647;
			files = (
				BD703F702C6E173000D3DA57 /* ContentView.swift in Sources */,
				BD703F6E2C6E173000D3DA57 /* foodNorthApp.swift in Sources */,
			);
			runOnlyForDeploymentPostprocessing = 0;
		};
		BD703F762C6E173200D3DA57 /* Sources */ = {
			isa = PBXSourcesBuildPhase;
			buildActionMask = 2147483647;
			files = (
				BD703F7F2C6E173200D3DA57 /* foodNorthTests.swift in Sources */,
			);
			runOnlyForDeploymentPostprocessing = 0;
		};
		BD703F802C6E173200D3DA57 /* Sources */ = {
			isa = PBXSourcesBuildPhase;
			buildActionMask = 2147483647;
			files = (
				BD703F8B2C6E173200D3DA57 /* foodNorthUITestsLaunchTests.swift in Sources */,
				BD703F892C6E173200D3DA57 /* foodNorthUITests.swift in Sources */,
			);
			runOnlyForDeploymentPostprocessing = 0;
		};
/* End PBXSourcesBuildPhase section */

/* Begin PBXTargetDependency section */
		BD703F7C2C6E173200D3DA57 /* PBXTargetDependency */ = {
			isa = PBXTargetDependency;
			target = BD703F692C6E173000D3DA57 /* foodNorth */;
			targetProxy = BD703F7B2C6E173200D3DA57 /* PBXContainerItemProxy */;
		};
		BD703F862C6E173200D3DA57 /* PBXTargetDependency */ = {
			isa = PBXTargetDependency;
			target = BD703F692C6E173000D3DA57 /* foodNorth */;
			targetProxy = BD703F852C6E173200D3DA57 /* PBXContainerItemProxy */;
		};
/* End PBXTargetDependency section */

/* Begin XCBuildConfiguration section */
		BD703F8C2C6E173200D3DA57 /* Debug */ = {
			isa = XCBuildConfiguration;
			buildSettings = {
				ALWAYS_SEARCH_USER_PATHS = NO;
				ASSETCATALOG_COMPILER_GENERATE_SWIFT_ASSET_SYMBOL_EXTENSIONS = YES;
				CLANG_ANALYZER_NONNULL = YES;
				CLANG_ANALYZER_NUMBER_OBJECT_CONVERSION = YES_AGGRESSIVE;
				CLANG_CXX_LANGUAGE_STANDARD = "gnu++20";
				CLANG_ENABLE_MODULES = YES;
				CLANG_ENABLE_OBJC_ARC = YES;
				CLANG_ENABLE_OBJC_WEAK = YES;
				CLANG_WARN_BLOCK_CAPTURE_AUTORELEASING = YES;
				CLANG_WARN_BOOL_CONVERSION = YES;
				CLANG_WARN_COMMA = YES;
				CLANG_WARN_CONSTANT_CONVERSION = YES;
				CLANG_WARN_DEPRECATED_OBJC_IMPLEMENTATIONS = YES;
				CLANG_WARN_DIRECT_OBJC_ISA_USAGE = YES_ERROR;
				CLANG_WARN_DOCUMENTATION_COMMENTS = YES;
				CLANG_WARN_EMPTY_BODY = YES;
				CLANG_WARN_ENUM_CONVERSION = YES;
				CLANG_WARN_INFINITE_RECURSION = YES;
				CLANG_WARN_INT_CONVERSION = YES;
				CLANG_WARN_NON_LITERAL_NULL_CONVERSION = YES;
				CLANG_WARN_OBJC_IMPLICIT_RETAIN_SELF = YES;
				CLANG_WARN_OBJC_LITERAL_CONVERSION = YES;
				CLANG_WARN_OBJC_ROOT_CLASS = YES_ERROR;
				CLANG_WARN_QUOTED_INCLUDE_IN_FRAMEWORK_HEADER = YES;
				CLANG_WARN_RANGE_LOOP_ANALYSIS = YES;
				CLANG_WARN_STRICT_PROTOTYPES = YES;
				CLANG_WARN_SUSPICIOUS_MOVE = YES;
				CLANG_WARN_UNGUARDED_AVAILABILITY = YES_AGGRESSIVE;
				CLANG_WARN_UNREACHABLE_CODE = YES;
				CLANG_WARN__DUPLICATE_METHOD_MATCH = YES;
				COPY_PHASE_STRIP = NO;
				DEBUG_INFORMATION_FORMAT = dwarf;
				ENABLE_STRICT_OBJC_MSGSEND = YES;
				ENABLE_TESTABILITY = YES;
				ENABLE_USER_SCRIPT_SANDBOXING = YES;
				GCC_C_LANGUAGE_STANDARD = gnu17;
				GCC_DYNAMIC_NO_PIC = NO;
				GCC_NO_COMMON_BLOCKS = YES;
				GCC_OPTIMIZATION_LEVEL = 0;
				GCC_PREPROCESSOR_DEFINITIONS = (
					"DEBUG=1",
					"$(inherited)",
				);
				GCC_WARN_64_TO_32_BIT_CONVERSION = YES;
				GCC_WARN_ABOUT_RETURN_TYPE = YES_ERROR;
				GCC_WARN_UNDECLARED_SELECTOR = YES;
				GCC_WARN_UNINITIALIZED_AUTOS = YES_AGGRESSIVE;
				GCC_WARN_UNUSED_FUNCTION = YES;
				GCC_WARN_UNUSED_VARIABLE = YES;
				IPHONEOS_DEPLOYMENT_TARGET = 17.5;
				LOCALIZATION_PREFERS_STRING_CATALOGS = YES;
				MTL_ENABLE_DEBUG_INFO = INCLUDE_SOURCE;
				MTL_FAST_MATH = YES;
				ONLY_ACTIVE_ARCH = YES;
				SDKROOT = iphoneos;
				SWIFT_ACTIVE_COMPILATION_CONDITIONS = "DEBUG $(inherited)";
				SWIFT_OPTIMIZATION_LEVEL = "-Onone";
			};
			name = Debug;
		};
		BD703F8D2C6E173200D3DA57 /* Release */ = {
			isa = XCBuildConfiguration;
			buildSettings = {
				ALWAYS_SEARCH_USER_PATHS = NO;
				ASSETCATALOG_COMPILER_GENERATE_SWIFT_ASSET_SYMBOL_EXTENSIONS = YES;
				CLANG_ANALYZER_NONNULL = YES;
				CLANG_ANALYZER_NUMBER_OBJECT_CONVERSION = YES_AGGRESSIVE;
				CLANG_CXX_LANGUAGE_STANDARD = "gnu++20";
				CLANG_ENABLE_MODULES = YES;
				CLANG_ENABLE_OBJC_ARC = YES;
				CLANG_ENABLE_OBJC_WEAK = YES;
				CLANG_WARN_BLOCK_CAPTURE_AUTORELEASING = YES;
				CLANG_WARN_BOOL_CONVERSION = YES;
				CLANG_WARN_COMMA = YES;
				CLANG_WARN_CONSTANT_CONVERSION = YES;
				CLANG_WARN_DEPRECATED_OBJC_IMPLEMENTATIONS = YES;
				CLANG_WARN_DIRECT_OBJC_ISA_USAGE = YES_ERROR;
				CLANG_WARN_DOCUMENTATION_COMMENTS = YES;
				CLANG_WARN_EMPTY_BODY = YES;
				CLANG_WARN_ENUM_CONVERSION = YES;
				CLANG_WARN_INFINITE_RECURSION = YES;
				CLANG_WARN_INT_CONVERSION = YES;
				CLANG_WARN_NON_LITERAL_NULL_CONVERSION = YES;
				CLANG_WARN_OBJC_IMPLICIT_RETAIN_SELF = YES;
				CLANG_WARN_OBJC_LITERAL_CONVERSION = YES;
				CLANG_WARN_OBJC_ROOT_CLASS = YES_ERROR;
				CLANG_WARN_QUOTED_INCLUDE_IN_FRAMEWORK_HEADER = YES;
				CLANG_WARN_RANGE_LOOP_ANALYSIS = YES;
				CLANG_WARN_STRICT_PROTOTYPES = YES;
				CLANG_WARN_SUSPICIOUS_MOVE = YES;
				CLANG_WARN_UNGUARDED_AVAILABILITY = YES_AGGRESSIVE;
				CLANG_WARN_UNREACHABLE_CODE = YES;
				CLANG_WARN__DUPLICATE_METHOD_MATCH = YES;
				COPY_PHASE_STRIP = NO;
				DEBUG_INFORMATION_FORMAT = "dwarf-with-dsym";
				ENABLE_NS_ASSERTIONS = NO;
				ENABLE_STRICT_OBJC_MSGSEND = YES;
				ENABLE_USER_SCRIPT_SANDBOXING = YES;
				GCC_C_LANGUAGE_STANDARD = gnu17;
				GCC_NO_COMMON_BLOCKS = YES;
				GCC_WARN_64_TO_32_BIT_CONVERSION = YES;
				GCC_WARN_ABOUT_RETURN_TYPE = YES_ERROR;
				GCC_WARN_UNDECLARED_SELECTOR = YES;
				GCC_WARN_UNINITIALIZED_AUTOS = YES_AGGRESSIVE;
				GCC_WARN_UNUSED_FUNCTION = YES;
				GCC_WARN_UNUSED_VARIABLE = YES;
				IPHONEOS_DEPLOYMENT_TARGET = 17.5;
				LOCALIZATION_PREFERS_STRING_CATALOGS = YES;
				MTL_ENABLE_DEBUG_INFO = NO;
				MTL_FAST_MATH = YES;
				SDKROOT = iphoneos;
				SWIFT_COMPILATION_MODE = wholemodule;
				VALIDATE_PRODUCT = YES;
			};
			name = Release;
		};
		BD703F8F2C6E173200D3DA57 /* Debug */ = {
			isa = XCBuildConfiguration;
			buildSettings = {
				ASSETCATALOG_COMPILER_APPICON_NAME = AppIcon;
				ASSETCATALOG_COMPILER_GLOBAL_ACCENT_COLOR_NAME = AccentColor;
				CODE_SIGN_STYLE = Automatic;
				CURRENT_PROJECT_VERSION = 1;
				DEVELOPMENT_ASSET_PATHS = "\"foodNorth/Preview Content\"";
				ENABLE_PREVIEWS = YES;
				GENERATE_INFOPLIST_FILE = YES;
				INFOPLIST_KEY_UIApplicationSceneManifest_Generation = YES;
				INFOPLIST_KEY_UIApplicationSupportsIndirectInputEvents = YES;
				INFOPLIST_KEY_UILaunchScreen_Generation = YES;
				INFOPLIST_KEY_UISupportedInterfaceOrientations_iPad = "UIInterfaceOrientationPortrait UIInterfaceOrientationPortraitUpsideDown UIInterfaceOrientationLandscapeLeft UIInterfaceOrientationLandscapeRight";
				INFOPLIST_KEY_UISupportedInterfaceOrientations_iPhone = "UIInterfaceOrientationPortrait UIInterfaceOrientationLandscapeLeft UIInterfaceOrientationLandscapeRight";
				LD_RUNPATH_SEARCH_PATHS = (
					"$(inherited)",
					"@executable_path/Frameworks",
				);
				MARKETING_VERSION = 1.0;
				PRODUCT_BUNDLE_IDENTIFIER = kwk.foodNorth;
				PRODUCT_NAME = "$(TARGET_NAME)";
				SWIFT_EMIT_LOC_STRINGS = YES;
				SWIFT_VERSION = 5.0;
				TARGETED_DEVICE_FAMILY = "1,2";
			};
			name = Debug;
		};
		BD703F902C6E173200D3DA57 /* Release */ = {
			isa = XCBuildConfiguration;
			buildSettings = {
				ASSETCATALOG_COMPILER_APPICON_NAME = AppIcon;
				ASSETCATALOG_COMPILER_GLOBAL_ACCENT_COLOR_NAME = AccentColor;
				CODE_SIGN_STYLE = Automatic;
				CURRENT_PROJECT_VERSION = 1;
				DEVELOPMENT_ASSET_PATHS = "\"foodNorth/Preview Content\"";
				ENABLE_PREVIEWS = YES;
				GENERATE_INFOPLIST_FILE = YES;
				INFOPLIST_KEY_UIApplicationSceneManifest_Generation = YES;
				INFOPLIST_KEY_UIApplicationSupportsIndirectInputEvents = YES;
				INFOPLIST_KEY_UILaunchScreen_Generation = YES;
				INFOPLIST_KEY_UISupportedInterfaceOrientations_iPad = "UIInterfaceOrientationPortrait UIInterfaceOrientationPortraitUpsideDown UIInterfaceOrientationLandscapeLeft UIInterfaceOrientationLandscapeRight";
				INFOPLIST_KEY_UISupportedInterfaceOrientations_iPhone = "UIInterfaceOrientationPortrait UIInterfaceOrientationLandscapeLeft UIInterfaceOrientationLandscapeRight";
				LD_RUNPATH_SEARCH_PATHS = (
					"$(inherited)",
					"@executable_path/Frameworks",
				);
				MARKETING_VERSION = 1.0;
				PRODUCT_BUNDLE_IDENTIFIER = kwk.foodNorth;
				PRODUCT_NAME = "$(TARGET_NAME)";
				SWIFT_EMIT_LOC_STRINGS = YES;
				SWIFT_VERSION = 5.0;
				TARGETED_DEVICE_FAMILY = "1,2";
			};
			name = Release;
		};
		BD703F922C6E173200D3DA57 /* Debug */ = {
			isa = XCBuildConfiguration;
			buildSettings = {
				ALWAYS_EMBED_SWIFT_STANDARD_LIBRARIES = YES;
				BUNDLE_LOADER = "$(TEST_HOST)";
				CODE_SIGN_STYLE = Automatic;
				CURRENT_PROJECT_VERSION = 1;
				GENERATE_INFOPLIST_FILE = YES;
				IPHONEOS_DEPLOYMENT_TARGET = 17.5;
				MARKETING_VERSION = 1.0;
				PRODUCT_BUNDLE_IDENTIFIER = kwk.foodNorthTests;
				PRODUCT_NAME = "$(TARGET_NAME)";
				SWIFT_EMIT_LOC_STRINGS = NO;
				SWIFT_VERSION = 5.0;
				TARGETED_DEVICE_FAMILY = "1,2";
				TEST_HOST = "$(BUILT_PRODUCTS_DIR)/foodNorth.app/$(BUNDLE_EXECUTABLE_FOLDER_PATH)/foodNorth";
			};
			name = Debug;
		};
		BD703F932C6E173200D3DA57 /* Release */ = {
			isa = XCBuildConfiguration;
			buildSettings = {
				ALWAYS_EMBED_SWIFT_STANDARD_LIBRARIES = YES;
				BUNDLE_LOADER = "$(TEST_HOST)";
				CODE_SIGN_STYLE = Automatic;
				CURRENT_PROJECT_VERSION = 1;
				GENERATE_INFOPLIST_FILE = YES;
				IPHONEOS_DEPLOYMENT_TARGET = 17.5;
				MARKETING_VERSION = 1.0;
				PRODUCT_BUNDLE_IDENTIFIER = kwk.foodNorthTests;
				PRODUCT_NAME = "$(TARGET_NAME)";
				SWIFT_EMIT_LOC_STRINGS = NO;
				SWIFT_VERSION = 5.0;
				TARGETED_DEVICE_FAMILY = "1,2";
				TEST_HOST = "$(BUILT_PRODUCTS_DIR)/foodNorth.app/$(BUNDLE_EXECUTABLE_FOLDER_PATH)/foodNorth";
			};
			name = Release;
		};
		BD703F952C6E173200D3DA57 /* Debug */ = {
			isa = XCBuildConfiguration;
			buildSettings = {
				ALWAYS_EMBED_SWIFT_STANDARD_LIBRARIES = YES;
				CODE_SIGN_STYLE = Automatic;
				CURRENT_PROJECT_VERSION = 1;
				GENERATE_INFOPLIST_FILE = YES;
				MARKETING_VERSION = 1.0;
				PRODUCT_BUNDLE_IDENTIFIER = kwk.foodNorthUITests;
				PRODUCT_NAME = "$(TARGET_NAME)";
				SWIFT_EMIT_LOC_STRINGS = NO;
				SWIFT_VERSION = 5.0;
				TARGETED_DEVICE_FAMILY = "1,2";
				TEST_TARGET_NAME = foodNorth;
			};
			name = Debug;
		};
		BD703F962C6E173200D3DA57 /* Release */ = {
			isa = XCBuildConfiguration;
			buildSettings = {
				ALWAYS_EMBED_SWIFT_STANDARD_LIBRARIES = YES;
				CODE_SIGN_STYLE = Automatic;
				CURRENT_PROJECT_VERSION = 1;
				GENERATE_INFOPLIST_FILE = YES;
				MARKETING_VERSION = 1.0;
				PRODUCT_BUNDLE_IDENTIFIER = kwk.foodNorthUITests;
				PRODUCT_NAME = "$(TARGET_NAME)";
				SWIFT_EMIT_LOC_STRINGS = NO;
				SWIFT_VERSION = 5.0;
				TARGETED_DEVICE_FAMILY = "1,2";
				TEST_TARGET_NAME = foodNorth;
			};
			name = Release;
		};
/* End XCBuildConfiguration section */

/* Begin XCConfigurationList section */
		BD703F652C6E173000D3DA57 /* Build configuration list for PBXProject "foodNorth" */ = {
			isa = XCConfigurationList;
			buildConfigurations = (
				BD703F8C2C6E173200D3DA57 /* Debug */,
				BD703F8D2C6E173200D3DA57 /* Release */,
			);
			defaultConfigurationIsVisible = 0;
			defaultConfigurationName = Release;
		};
		BD703F8E2C6E173200D3DA57 /* Build configuration list for PBXNativeTarget "foodNorth" */ = {
			isa = XCConfigurationList;
			buildConfigurations = (
				BD703F8F2C6E173200D3DA57 /* Debug */,
				BD703F902C6E173200D3DA57 /* Release */,
			);
			defaultConfigurationIsVisible = 0;
			defaultConfigurationName = Release;
		};
		BD703F912C6E173200D3DA57 /* Build configuration list for PBXNativeTarget "foodNorthTests" */ = {
			isa = XCConfigurationList;
			buildConfigurations = (
				BD703F922C6E173200D3DA57 /* Debug */,
				BD703F932C6E173200D3DA57 /* Release */,
			);
			defaultConfigurationIsVisible = 0;
			defaultConfigurationName = Release;
		};
		BD703F942C6E173200D3DA57 /* Build configuration list for PBXNativeTarget "foodNorthUITests" */ = {
			isa = XCConfigurationList;
			buildConfigurations = (
				BD703F952C6E173200D3DA57 /* Debug */,
				BD703F962C6E173200D3DA57 /* Release */,
			);
			defaultConfigurationIsVisible = 0;
			defaultConfigurationName = Release;
		};
/* End XCConfigurationList section */
	};
	rootObject = BD703F622C6E173000D3DA57 /* Project object */;
}
